
Microsoft Visual Studio Solution File, Format Version 12.00
# Visual Studio Version 16
VisualStudioVersion = 16.0.28803.202
MinimumVisualStudioVersion = 10.0.40219.1
Project("{FAE04EC0-301F-11D3-BF4B-00C04F79EFBC}") = "Day1Methods", "Day1Methods\Day1Methods.csproj", "{516DD53D-8F2D-420C-BE60-38735CF66EAB}"
EndProject
Project("{FAE04EC0-301F-11D3-BF4B-00C04F79EFBC}") = "PigLatin", "PigLatin\PigLatin.csproj", "{92910D58-93F9-456E-837E-42BB11B28AEE}"
EndProject
Project("{FAE04EC0-301F-11D3-BF4B-00C04F79EFBC}") = "RockPaperScissors", "RockPaperScissors\RockPaperScissors.csproj", "{B7728E79-7680-45DF-9B6E-716EFFA239F4}"
EndProject
Project("{FAE04EC0-301F-11D3-BF4B-00C04F79EFBC}") = "TicTacToe", "TicTacToe\TicTacToe.csproj", "{E411D167-8002-4280-9FD9-C8F9BE731428}"
EndProject
Project("{FAE04EC0-301F-11D3-BF4B-00C04F79EFBC}") = "MasterMind", "MasterMind\MasterMind.csproj", "{EE74F5BA-72C0-412A-9929-0D07F7CADA08}"
EndProject
Project("{FAE04EC0-301F-11D3-BF4B-00C04F79EFBC}") = "WBTraining3.2", "WBTraining3.2\WBTraining3.2.csproj", "{238D0D6A-1489-4AC2-97FC-BDDB6024C98D}"
EndProject
Project("{FAE04EC0-301F-11D3-BF4B-00C04F79EFBC}") = "GradeBook", "GradeBook\GradeBook.csproj", "{51B8CE94-BE05-470F-86C0-F3E93161A1F5}"
EndProject
Project("{FAE04EC0-301F-11D3-BF4B-00C04F79EFBC}") = "ClassesPreWork", "ClassesPreWork\ClassesPreWork.csproj", "{E18C6B7B-A896-470A-821E-243D21BF5F25}"
EndProject
Project("{FAE04EC0-301F-11D3-BF4B-00C04F79EFBC}") = "TowersOfHanoi", "TowersOfHanoi\TowersOfHanoi.csproj", "{C08CF03A-A4BA-4BC7-962B-4CB53C06FBFB}"
EndProject
Project("{FAE04EC0-301F-11D3-BF4B-00C04F79EFBC}") = "WhiteBoardTraining2", "WhiteBoardTraining2\WhiteBoardTraining2.csproj", "{9D465EDB-BD61-4176-B31A-4A8CF991309D}"
EndProject
Project("{FAE04EC0-301F-11D3-BF4B-00C04F79EFBC}") = "PoCos", "PoCos\PoCos.csproj", "{6E9A0F93-863F-4F57-9BBE-9580ABCA988A}"
EndProject
Global
	GlobalSection(SolutionConfigurationPlatforms) = preSolution
		Debug|Any CPU = Debug|Any CPU
		Release|Any CPU = Release|Any CPU
	EndGlobalSection
	GlobalSection(ProjectConfigurationPlatforms) = postSolution
		{516DD53D-8F2D-420C-BE60-38735CF66EAB}.Debug|Any CPU.ActiveCfg = Debug|Any CPU
		{516DD53D-8F2D-420C-BE60-38735CF66EAB}.Debug|Any CPU.Build.0 = Debug|Any CPU
		{516DD53D-8F2D-420C-BE60-38735CF66EAB}.Release|Any CPU.ActiveCfg = Release|Any CPU
		{516DD53D-8F2D-420C-BE60-38735CF66EAB}.Release|Any CPU.Build.0 = Release|Any CPU
		{92910D58-93F9-456E-837E-42BB11B28AEE}.Debug|Any CPU.ActiveCfg = Debug|Any CPU
		{92910D58-93F9-456E-837E-42BB11B28AEE}.Debug|Any CPU.Build.0 = Debug|Any CPU
		{92910D58-93F9-456E-837E-42BB11B28AEE}.Release|Any CPU.ActiveCfg = Release|Any CPU
		{92910D58-93F9-456E-837E-42BB11B28AEE}.Release|Any CPU.Build.0 = Release|Any CPU
		{B7728E79-7680-45DF-9B6E-716EFFA239F4}.Debug|Any CPU.ActiveCfg = Debug|Any CPU
		{B7728E79-7680-45DF-9B6E-716EFFA239F4}.Debug|Any CPU.Build.0 = Debug|Any CPU
		{B7728E79-7680-45DF-9B6E-716EFFA239F4}.Release|Any CPU.ActiveCfg = Release|Any CPU
		{B7728E79-7680-45DF-9B6E-716EFFA239F4}.Release|Any CPU.Build.0 = Release|Any CPU
		{E411D167-8002-4280-9FD9-C8F9BE731428}.Debug|Any CPU.ActiveCfg = Debug|Any CPU
		{E411D167-8002-4280-9FD9-C8F9BE731428}.Debug|Any CPU.Build.0 = Debug|Any CPU
		{E411D167-8002-4280-9FD9-C8F9BE731428}.Release|Any CPU.ActiveCfg = Release|Any CPU
		{E411D167-8002-4280-9FD9-C8F9BE731428}.Release|Any CPU.Build.0 = Release|Any CPU
		{EE74F5BA-72C0-412A-9929-0D07F7CADA08}.Debug|Any CPU.ActiveCfg = Debug|Any CPU
		{EE74F5BA-72C0-412A-9929-0D07F7CADA08}.Debug|Any CPU.Build.0 = Debug|Any CPU
		{EE74F5BA-72C0-412A-9929-0D07F7CADA08}.Release|Any CPU.ActiveCfg = Release|Any CPU
		{EE74F5BA-72C0-412A-9929-0D07F7CADA08}.Release|Any CPU.Build.0 = Release|Any CPU
		{238D0D6A-1489-4AC2-97FC-BDDB6024C98D}.Debug|Any CPU.ActiveCfg = Debug|Any CPU
		{238D0D6A-1489-4AC2-97FC-BDDB6024C98D}.Debug|Any CPU.Build.0 = Debug|Any CPU
		{238D0D6A-1489-4AC2-97FC-BDDB6024C98D}.Release|Any CPU.ActiveCfg = Release|Any CPU
		{238D0D6A-1489-4AC2-97FC-BDDB6024C98D}.Release|Any CPU.Build.0 = Release|Any CPU
		{51B8CE94-BE05-470F-86C0-F3E93161A1F5}.Debug|Any CPU.ActiveCfg = Debug|Any CPU
		{51B8CE94-BE05-470F-86C0-F3E93161A1F5}.Debug|Any CPU.Build.0 = Debug|Any CPU
		{51B8CE94-BE05-470F-86C0-F3E93161A1F5}.Release|Any CPU.ActiveCfg = Release|Any CPU
		{51B8CE94-BE05-470F-86C0-F3E93161A1F5}.Release|Any CPU.Build.0 = Release|Any CPU
		{E18C6B7B-A896-470A-821E-243D21BF5F25}.Debug|Any CPU.ActiveCfg = Debug|Any CPU
		{E18C6B7B-A896-470A-821E-243D21BF5F25}.Debug|Any CPU.Build.0 = Debug|Any CPU
		{E18C6B7B-A896-470A-821E-243D21BF5F25}.Release|Any CPU.ActiveCfg = Release|Any CPU
		{E18C6B7B-A896-470A-821E-243D21BF5F25}.Release|Any CPU.Build.0 = Release|Any CPU
		{C08CF03A-A4BA-4BC7-962B-4CB53C06FBFB}.Debug|Any CPU.ActiveCfg = Debug|Any CPU
		{C08CF03A-A4BA-4BC7-962B-4CB53C06FBFB}.Debug|Any CPU.Build.0 = Debug|Any CPU
		{C08CF03A-A4BA-4BC7-962B-4CB53C06FBFB}.Release|Any CPU.ActiveCfg = Release|Any CPU
		{C08CF03A-A4BA-4BC7-962B-4CB53C06FBFB}.Release|Any CPU.Build.0 = Release|Any CPU
		{9D465EDB-BD61-4176-B31A-4A8CF991309D}.Debug|Any CPU.ActiveCfg = Debug|Any CPU
		{9D465EDB-BD61-4176-B31A-4A8CF991309D}.Debug|Any CPU.Build.0 = Debug|Any CPU
		{9D465EDB-BD61-4176-B31A-4A8CF991309D}.Release|Any CPU.ActiveCfg = Release|Any CPU
		{9D465EDB-BD61-4176-B31A-4A8CF991309D}.Release|Any CPU.Build.0 = Release|Any CPU
		{6E9A0F93-863F-4F57-9BBE-9580ABCA988A}.Debug|Any CPU.ActiveCfg = Debug|Any CPU
		{6E9A0F93-863F-4F57-9BBE-9580ABCA988A}.Debug|Any CPU.Build.0 = Debug|Any CPU
		{6E9A0F93-863F-4F57-9BBE-9580ABCA988A}.Release|Any CPU.ActiveCfg = Release|Any CPU
		{6E9A0F93-863F-4F57-9BBE-9580ABCA988A}.Release|Any CPU.Build.0 = Release|Any CPU
	EndGlobalSection
	GlobalSection(SolutionProperties) = preSolution
		HideSolutionNode = FALSE
	EndGlobalSection
	GlobalSection(ExtensibilityGlobals) = postSolution
		SolutionGuid = {228CEBFD-F31F-436F-8C7A-1C5929F06228}
	EndGlobalSection
EndGlobal
