
Microsoft Visual Studio Solution File, Format Version 12.00
# Visual Studio Version 16
VisualStudioVersion = 16.0.28803.202
MinimumVisualStudioVersion = 10.0.40219.1
Project("{FAE04EC0-301F-11D3-BF4B-00C04F79EFBC}") = "Day1Methods", "Day1Methods.csproj", "{CEA57152-E6FB-4496-BED6-EA310AD1D5CD}"
EndProject
Global
	GlobalSection(SolutionConfigurationPlatforms) = preSolution
		Debug|Any CPU = Debug|Any CPU
		Release|Any CPU = Release|Any CPU
	EndGlobalSection
	GlobalSection(ProjectConfigurationPlatforms) = postSolution
		{CEA57152-E6FB-4496-BED6-EA310AD1D5CD}.Debug|Any CPU.ActiveCfg = Debug|Any CPU
		{CEA57152-E6FB-4496-BED6-EA310AD1D5CD}.Debug|Any CPU.Build.0 = Debug|Any CPU
		{CEA57152-E6FB-4496-BED6-EA310AD1D5CD}.Release|Any CPU.ActiveCfg = Release|Any CPU
		{CEA57152-E6FB-4496-BED6-EA310AD1D5CD}.Release|Any CPU.Build.0 = Release|Any CPU
	EndGlobalSection
	GlobalSection(SolutionProperties) = preSolution
		HideSolutionNode = FALSE
	EndGlobalSection
	GlobalSection(ExtensibilityGlobals) = postSolution
		SolutionGuid = {4805CF4C-057A-4C25-BACA-17EE38107101}
	EndGlobalSection
EndGlobal
